
Microsoft Visual Studio Solution File, Format Version 11.00
# Visual Studio 2010
Project("{FAE04EC0-301F-11D3-BF4B-00C04F79EFBC}") = "WebServices.CSharp", "WebServices.CSharp\WebServices.CSharp.csproj", "{F51DF350-8F87-4704-8E33-53EA6A686BFB}"
EndProject
Global
	GlobalSection(SolutionConfigurationPlatforms) = preSolution
		Debug|x86 = Debug|x86
		Release|x86 = Release|x86
	EndGlobalSection
	GlobalSection(ProjectConfigurationPlatforms) = postSolution
		{F51DF350-8F87-4704-8E33-53EA6A686BFB}.Debug|x86.ActiveCfg = Debug|x86
		{F51DF350-8F87-4704-8E33-53EA6A686BFB}.Debug|x86.Build.0 = Debug|x86
		{F51DF350-8F87-4704-8E33-53EA6A686BFB}.Release|x86.ActiveCfg = Release|x86
		{F51DF350-8F87-4704-8E33-53EA6A686BFB}.Release|x86.Build.0 = Release|x86
	EndGlobalSection
	GlobalSection(SolutionProperties) = preSolution
		HideSolutionNode = FALSE
	EndGlobalSection
EndGlobal
